{
  "name": "ngern-finance",
  "lockfileVersion": 3,
  "requires": true,
  "packages": {
    "": {
      "devDependencies": {
        "libsodium-wrappers": "^0.8.4"
      }
    },
    "node_modules/libsodium": {
      "version": "0.8.4",
      "resolved": "https://registry.npmjs.org/libsodium/-/libsodium-0.8.4.tgz",
      "integrity": "sha512-lMcYaRi0zcs7tarATsQUYC7rstliIXZuoq0c6zXSgNtSNtdvBgkSegjWhpMJAXzKX3SUSwIp7+zEsob+j3LuRw==",
      "dev": true,
      "license": "ISC"
    },
    "node_modules/libsodium-wrappers": {
      "version": "0.8.4",
      "resolved": "https://registry.npmjs.org/libsodium-wrappers/-/libsodium-wrappers-0.8.4.tgz",
      "integrity": "sha512-mu8aAWucZjTB5O/BtGXtW4e1agy7uHxNYG7zPthmmD1jU43LCDmSWZLN4JhflbdPXj3yDO4lxM1O9hLDgIOXDw==",
      "dev": true,
      "license": "ISC",
      "dependencies": {
        "libsodium": "^0.8.0"
      }
    }
  }
}
